{
  "lockfileVersion": 1,
  "configVersion": 1,
  "workspaces": {
    "": {
      "name": "ai-sync",
      "dependencies": {
        "ignore": "^7.0.10",
      },
    },
  },
  "packages": {
    "ignore": ["ignore@7.0.10", "", {}, "sha512-HpbUakT7xp5miBUywCHf36ZEuAJNklBJDDsGpUIjMzOSmM8ELSfA9Sa/QDPeNeqeoN31u+UTCkL4klCOVvRm4Q=="],
  }
}
